// !$*UTF8*$!
{
	archiveVersion = 1;
	classes = {
	};
	objectVersion = 52;
	objects = {

/* Begin PBXBuildFile section */
		351BBA252535CE3B003A09C9 /* tcpApp.swift in Sources */ = {isa = PBXBuildFile; fileRef = 351BBA242535CE3B003A09C9 /* tcpApp.swift */; };
		351BBA272535CE3B003A09C9 /* ContentView.swift in Sources */ = {isa = PBXBuildFile; fileRef = 351BBA262535CE3B003A09C9 /* ContentView.swift */; };
		351BBA292535CE3C003A09C9 /* Assets.xcassets in Resources */ = {isa = PBXBuildFile; fileRef = 351BBA282535CE3C003A09C9 /* Assets.xcassets */; };
		351BBA2C2535CE3C003A09C9 /* Preview Assets.xcassets in Resources */ = {isa = PBXBuildFile; fileRef = 351BBA2B2535CE3C003A09C9 /* Preview Assets.xcassets */; };
		351BBA362535D054003A09C9 /* Starscream in Frameworks */ = {isa = PBXBuildFile; productRef = 351BBA352535D054003A09C9 /* Starscream */; };
		351BBA3B2535D247003A09C9 /* Others.swift in Sources */ = {isa = PBXBuildFile; fileRef = 351BBA3A2535D247003A09C9 /* Others.swift */; };
		351BBA3F2535D27B003A09C9 /* HandyJSON in Frameworks */ = {isa = PBXBuildFile; productRef = 351BBA3E2535D27B003A09C9 /* HandyJSON */; };
		351BBA432535D3D7003A09C9 /* SwiftDate in Frameworks */ = {isa = PBXBuildFile; productRef = 351BBA422535D3D7003A09C9 /* SwiftDate */; };
		351BBA472535D401003A09C9 /* Alamofire in Frameworks */ = {isa = PBXBuildFile; productRef = 351BBA462535D401003A09C9 /* Alamofire */; };
		351BBA4C2535F899003A09C9 /* Launch Screen.storyboard in Resources */ = {isa = PBXBuildFile; fileRef = 351BBA4B2535F899003A09C9 /* Launch Screen.storyboard */; };
		359C964C2537132C002C1073 /* Introspect in Frameworks */ = {isa = PBXBuildFile; productRef = 359C964B2537132C002C1073 /* Introspect */; };
/* End PBXBuildFile section */

/* Begin PBXFileReference section */
		3514472925360FF000C38086 /* tcpRelease.entitlements */ = {isa = PBXFileReference; fileEncoding = 4; lastKnownFileType = text.plist.entitlements; path = tcpRelease.entitlements; sourceTree = "<group>"; };
		3514472E2536131E00C38086 /* tcp.entitlements */ = {isa = PBXFileReference; lastKnownFileType = text.plist.entitlements; path = tcp.entitlements; sourceTree = "<group>"; };
		351BBA212535CE3B003A09C9 /* tcp.app */ = {isa = PBXFileReference; explicitFileType = wrapper.application; includeInIndex = 0; path = tcp.app; sourceTree = BUILT_PRODUCTS_DIR; };
		351BBA242535CE3B003A09C9 /* tcpApp.swift */ = {isa = PBXFileReference; lastKnownFileType = sourcecode.swift; path = tcpApp.swift; sourceTree = "<group>"; };
		351BBA262535CE3B003A09C9 /* ContentView.swift */ = {isa = PBXFileReference; lastKnownFileType = sourcecode.swift; path = ContentView.swift; sourceTree = "<group>"; };
		351BBA282535CE3C003A09C9 /* Assets.xcassets */ = {isa = PBXFileReference; lastKnownFileType = folder.assetcatalog; path = Assets.xcassets; sourceTree = "<group>"; };
		351BBA2B2535CE3C003A09C9 /* Preview Assets.xcassets */ = {isa = PBXFileReference; lastKnownFileType = folder.assetcatalog; path = "Preview Assets.xcassets"; sourceTree = "<group>"; };
		351BBA2D2535CE3C003A09C9 /* Info.plist */ = {isa = PBXFileReference; lastKnownFileType = text.plist.xml; path = Info.plist; sourceTree = "<group>"; };
		351BBA3A2535D247003A09C9 /* Others.swift */ = {isa = PBXFileReference; lastKnownFileType = sourcecode.swift; path = Others.swift; sourceTree = "<group>"; };
		351BBA4B2535F899003A09C9 /* Launch Screen.storyboard */ = {isa = PBXFileReference; lastKnownFileType = file.storyboard; path = "Launch Screen.storyboard"; sourceTree = "<group>"; };
/* End PBXFileReference section */

/* Begin PBXFrameworksBuildPhase section */
		351BBA1E2535CE3B003A09C9 /* Frameworks */ = {
			isa = PBXFrameworksBuildPhase;
			buildActionMask = 2147483647;
			files = (
				351BBA362535D054003A09C9 /* Starscream in Frameworks */,
				351BBA472535D401003A09C9 /* Alamofire in Frameworks */,
				359C964C2537132C002C1073 /* Introspect in Frameworks */,
				351BBA3F2535D27B003A09C9 /* HandyJSON in Frameworks */,
				351BBA432535D3D7003A09C9 /* SwiftDate in Frameworks */,
			);
			runOnlyForDeploymentPostprocessing = 0;
		};
/* End PBXFrameworksBuildPhase section */

/* Begin PBXGroup section */
		351BBA182535CE3B003A09C9 = {
			isa = PBXGroup;
			children = (
				351BBA232535CE3B003A09C9 /* tcp */,
				351BBA222535CE3B003A09C9 /* Products */,
			);
			sourceTree = "<group>";
		};
		351BBA222535CE3B003A09C9 /* Products */ = {
			isa = PBXGroup;
			children = (
				351BBA212535CE3B003A09C9 /* tcp.app */,
			);
			name = Products;
			sourceTree = "<group>";
		};
		351BBA232535CE3B003A09C9 /* tcp */ = {
			isa = PBXGroup;
			children = (
				3514472E2536131E00C38086 /* tcp.entitlements */,
				3514472925360FF000C38086 /* tcpRelease.entitlements */,
				351BBA242535CE3B003A09C9 /* tcpApp.swift */,
				351BBA262535CE3B003A09C9 /* ContentView.swift */,
				351BBA282535CE3C003A09C9 /* Assets.xcassets */,
				351BBA2D2535CE3C003A09C9 /* Info.plist */,
				351BBA2A2535CE3C003A09C9 /* Preview Content */,
				351BBA3A2535D247003A09C9 /* Others.swift */,
				351BBA4B2535F899003A09C9 /* Launch Screen.storyboard */,
			);
			path = tcp;
			sourceTree = "<group>";
		};
		351BBA2A2535CE3C003A09C9 /* Preview Content */ = {
			isa = PBXGroup;
			children = (
				351BBA2B2535CE3C003A09C9 /* Preview Assets.xcassets */,
			);
			path = "Preview Content";
			sourceTree = "<group>";
		};
/* End PBXGroup section */

/* Begin PBXNativeTarget section */
		351BBA202535CE3B003A09C9 /* tcp */ = {
			isa = PBXNativeTarget;
			buildConfigurationList = 351BBA302535CE3C003A09C9 /* Build configuration list for PBXNativeTarget "tcp" */;
			buildPhases = (
				351BBA1D2535CE3B003A09C9 /* Sources */,
				351BBA1E2535CE3B003A09C9 /* Frameworks */,
				351BBA1F2535CE3B003A09C9 /* Resources */,
			);
			buildRules = (
			);
			dependencies = (
			);
			name = tcp;
			packageProductDependencies = (
				351BBA352535D054003A09C9 /* Starscream */,
				351BBA3E2535D27B003A09C9 /* HandyJSON */,
				351BBA422535D3D7003A09C9 /* SwiftDate */,
				351BBA462535D401003A09C9 /* Alamofire */,
				359C964B2537132C002C1073 /* Introspect */,
			);
			productName = tcp;
			productReference = 351BBA212535CE3B003A09C9 /* tcp.app */;
			productType = "com.apple.product-type.application";
		};
/* End PBXNativeTarget section */

/* Begin PBXProject section */
		351BBA192535CE3B003A09C9 /* Project object */ = {
			isa = PBXProject;
			attributes = {
				LastSwiftUpdateCheck = 1200;
				LastUpgradeCheck = 1220;
				TargetAttributes = {
					351BBA202535CE3B003A09C9 = {
						CreatedOnToolsVersion = 12.0.1;
					};
				};
			};
			buildConfigurationList = 351BBA1C2535CE3B003A09C9 /* Build configuration list for PBXProject "tcp" */;
			compatibilityVersion = "Xcode 9.3";
			developmentRegion = en;
			hasScannedForEncodings = 0;
			knownRegions = (
				en,
				Base,
				"zh-Hans",
			);
			mainGroup = 351BBA182535CE3B003A09C9;
			packageReferences = (
				351BBA342535D054003A09C9 /* XCRemoteSwiftPackageReference "Starscream" */,
				351BBA3D2535D27B003A09C9 /* XCRemoteSwiftPackageReference "HandyJSON" */,
				351BBA412535D3D7003A09C9 /* XCRemoteSwiftPackageReference "SwiftDate" */,
				351BBA452535D401003A09C9 /* XCRemoteSwiftPackageReference "Alamofire" */,
				359C964A2537132C002C1073 /* XCRemoteSwiftPackageReference "SwiftUI-Introspect" */,
			);
			productRefGroup = 351BBA222535CE3B003A09C9 /* Products */;
			projectDirPath = "";
			projectRoot = "";
			targets = (
				351BBA202535CE3B003A09C9 /* tcp */,
			);
		};
/* End PBXProject section */

/* Begin PBXResourcesBuildPhase section */
		351BBA1F2535CE3B003A09C9 /* Resources */ = {
			isa = PBXResourcesBuildPhase;
			buildActionMask = 2147483647;
			files = (
				351BBA4C2535F899003A09C9 /* Launch Screen.storyboard in Resources */,
				351BBA2C2535CE3C003A09C9 /* Preview Assets.xcassets in Resources */,
				351BBA292535CE3C003A09C9 /* Assets.xcassets in Resources */,
			);
			runOnlyForDeploymentPostprocessing = 0;
		};
/* End PBXResourcesBuildPhase section */

/* Begin PBXSourcesBuildPhase section */
		351BBA1D2535CE3B003A09C9 /* Sources */ = {
			isa = PBXSourcesBuildPhase;
			buildActionMask = 2147483647;
			files = (
				351BBA3B2535D247003A09C9 /* Others.swift in Sources */,
				351BBA272535CE3B003A09C9 /* ContentView.swift in Sources */,
				351BBA252535CE3B003A09C9 /* tcpApp.swift in Sources */,
			);
			runOnlyForDeploymentPostprocessing = 0;
		};
/* End PBXSourcesBuildPhase section */

/* Begin XCBuildConfiguration section */
		351BBA2E2535CE3C003A09C9 /* Debug */ = {
			isa = XCBuildConfiguration;
			buildSettings = {
				ALWAYS_SEARCH_USER_PATHS = NO;
				CLANG_ANALYZER_LOCALIZABILITY_NONLOCALIZED = YES;
				CLANG_ANALYZER_NONNULL = YES;
				CLANG_ANALYZER_NUMBER_OBJECT_CONVERSION = YES_AGGRESSIVE;
				CLANG_CXX_LANGUAGE_STANDARD = "gnu++14";
				CLANG_CXX_LIBRARY = "libc++";
				CLANG_ENABLE_MODULES = YES;
				CLANG_ENABLE_OBJC_ARC = YES;
				CLANG_ENABLE_OBJC_WEAK = YES;
				CLANG_WARN_BLOCK_CAPTURE_AUTORELEASING = YES;
				CLANG_WARN_BOOL_CONVERSION = YES;
				CLANG_WARN_COMMA = YES;
				CLANG_WARN_CONSTANT_CONVERSION = YES;
				CLANG_WARN_DEPRECATED_OBJC_IMPLEMENTATIONS = YES;
				CLANG_WARN_DIRECT_OBJC_ISA_USAGE = YES_ERROR;
				CLANG_WARN_DOCUMENTATION_COMMENTS = YES;
				CLANG_WARN_EMPTY_BODY = YES;
				CLANG_WARN_ENUM_CONVERSION = YES;
				CLANG_WARN_INFINITE_RECURSION = YES;
				CLANG_WARN_INT_CONVERSION = YES;
				CLANG_WARN_NON_LITERAL_NULL_CONVERSION = YES;
				CLANG_WARN_OBJC_IMPLICIT_RETAIN_SELF = YES;
				CLANG_WARN_OBJC_LITERAL_CONVERSION = YES;
				CLANG_WARN_OBJC_ROOT_CLASS = YES_ERROR;
				CLANG_WARN_QUOTED_INCLUDE_IN_FRAMEWORK_HEADER = YES;
				CLANG_WARN_RANGE_LOOP_ANALYSIS = YES;
				CLANG_WARN_STRICT_PROTOTYPES = YES;
				CLANG_WARN_SUSPICIOUS_MOVE = YES;
				CLANG_WARN_UNGUARDED_AVAILABILITY = YES_AGGRESSIVE;
				CLANG_WARN_UNREACHABLE_CODE = YES;
				CLANG_WARN__DUPLICATE_METHOD_MATCH = YES;
				COPY_PHASE_STRIP = NO;
				DEBUG_INFORMATION_FORMAT = dwarf;
				ENABLE_STRICT_OBJC_MSGSEND = YES;
				ENABLE_TESTABILITY = YES;
				GCC_C_LANGUAGE_STANDARD = gnu11;
				GCC_DYNAMIC_NO_PIC = NO;
				GCC_NO_COMMON_BLOCKS = YES;
				GCC_OPTIMIZATION_LEVEL = 0;
				GCC_PREPROCESSOR_DEFINITIONS = (
					"DEBUG=1",
					"$(inherited)",
				);
				GCC_WARN_64_TO_32_BIT_CONVERSION = YES;
				GCC_WARN_ABOUT_RETURN_TYPE = YES_ERROR;
				GCC_WARN_UNDECLARED_SELECTOR = YES;
				GCC_WARN_UNINITIALIZED_AUTOS = YES_AGGRESSIVE;
				GCC_WARN_UNUSED_FUNCTION = YES;
				GCC_WARN_UNUSED_VARIABLE = YES;
				IPHONEOS_DEPLOYMENT_TARGET = 14.0;
				MTL_ENABLE_DEBUG_INFO = INCLUDE_SOURCE;
				MTL_FAST_MATH = YES;
				ONLY_ACTIVE_ARCH = YES;
				SDKROOT = iphoneos;
				SWIFT_ACTIVE_COMPILATION_CONDITIONS = DEBUG;
				SWIFT_OPTIMIZATION_LEVEL = "-Onone";
			};
			name = Debug;
		};
		351BBA2F2535CE3C003A09C9 /* Release */ = {
			isa = XCBuildConfiguration;
			buildSettings = {
				ALWAYS_SEARCH_USER_PATHS = NO;
				CLANG_ANALYZER_LOCALIZABILITY_NONLOCALIZED = YES;
				CLANG_ANALYZER_NONNULL = YES;
				CLANG_ANALYZER_NUMBER_OBJECT_CONVERSION = YES_AGGRESSIVE;
				CLANG_CXX_LANGUAGE_STANDARD = "gnu++14";
				CLANG_CXX_LIBRARY = "libc++";
				CLANG_ENABLE_MODULES = YES;
				CLANG_ENABLE_OBJC_ARC = YES;
				CLANG_ENABLE_OBJC_WEAK = YES;
				CLANG_WARN_BLOCK_CAPTURE_AUTORELEASING = YES;
				CLANG_WARN_BOOL_CONVERSION = YES;
				CLANG_WARN_COMMA = YES;
				CLANG_WARN_CONSTANT_CONVERSION = YES;
				CLANG_WARN_DEPRECATED_OBJC_IMPLEMENTATIONS = YES;
				CLANG_WARN_DIRECT_OBJC_ISA_USAGE = YES_ERROR;
				CLANG_WARN_DOCUMENTATION_COMMENTS = YES;
				CLANG_WARN_EMPTY_BODY = YES;
				CLANG_WARN_ENUM_CONVERSION = YES;
				CLANG_WARN_INFINITE_RECURSION = YES;
				CLANG_WARN_INT_CONVERSION = YES;
				CLANG_WARN_NON_LITERAL_NULL_CONVERSION = YES;
				CLANG_WARN_OBJC_IMPLICIT_RETAIN_SELF = YES;
				CLANG_WARN_OBJC_LITERAL_CONVERSION = YES;
				CLANG_WARN_OBJC_ROOT_CLASS = YES_ERROR;
				CLANG_WARN_QUOTED_INCLUDE_IN_FRAMEWORK_HEADER = YES;
				CLANG_WARN_RANGE_LOOP_ANALYSIS = YES;
				CLANG_WARN_STRICT_PROTOTYPES = YES;
				CLANG_WARN_SUSPICIOUS_MOVE = YES;
				CLANG_WARN_UNGUARDED_AVAILABILITY = YES_AGGRESSIVE;
				CLANG_WARN_UNREACHABLE_CODE = YES;
				CLANG_WARN__DUPLICATE_METHOD_MATCH = YES;
				COPY_PHASE_STRIP = NO;
				DEBUG_INFORMATION_FORMAT = "dwarf-with-dsym";
				ENABLE_NS_ASSERTIONS = NO;
				ENABLE_STRICT_OBJC_MSGSEND = YES;
				GCC_C_LANGUAGE_STANDARD = gnu11;
				GCC_NO_COMMON_BLOCKS = YES;
				GCC_WARN_64_TO_32_BIT_CONVERSION = YES;
				GCC_WARN_ABOUT_RETURN_TYPE = YES_ERROR;
				GCC_WARN_UNDECLARED_SELECTOR = YES;
				GCC_WARN_UNINITIALIZED_AUTOS = YES_AGGRESSIVE;
				GCC_WARN_UNUSED_FUNCTION = YES;
				GCC_WARN_UNUSED_VARIABLE = YES;
				IPHONEOS_DEPLOYMENT_TARGET = 14.0;
				MTL_ENABLE_DEBUG_INFO = NO;
				MTL_FAST_MATH = YES;
				SDKROOT = iphoneos;
				SWIFT_COMPILATION_MODE = wholemodule;
				SWIFT_OPTIMIZATION_LEVEL = "-O";
				VALIDATE_PRODUCT = YES;
			};
			name = Release;
		};
		351BBA312535CE3C003A09C9 /* Debug */ = {
			isa = XCBuildConfiguration;
			buildSettings = {
				ASSETCATALOG_COMPILER_APPICON_NAME = AppIcon;
				ASSETCATALOG_COMPILER_GLOBAL_ACCENT_COLOR_NAME = AccentColor;
				CODE_SIGN_ENTITLEMENTS = tcp/tcp.entitlements;
				CODE_SIGN_STYLE = Automatic;
				DEVELOPMENT_ASSET_PATHS = "\"tcp/Preview Content\"";
				DEVELOPMENT_TEAM = V8CS9B3XT5;
				ENABLE_PREVIEWS = YES;
				INFOPLIST_FILE = tcp/Info.plist;
				IPHONEOS_DEPLOYMENT_TARGET = 14.0;
				LD_RUNPATH_SEARCH_PATHS = (
					"$(inherited)",
					"@executable_path/Frameworks",
				);
				PRODUCT_BUNDLE_IDENTIFIER = com.czf.tcp;
				PRODUCT_NAME = "$(TARGET_NAME)";
				SUPPORTS_MACCATALYST = NO;
				SWIFT_VERSION = 5.0;
				TARGETED_DEVICE_FAMILY = "1,2";
			};
			name = Debug;
		};
		351BBA322535CE3C003A09C9 /* Release */ = {
			isa = XCBuildConfiguration;
			buildSettings = {
				ASSETCATALOG_COMPILER_APPICON_NAME = AppIcon;
				ASSETCATALOG_COMPILER_GLOBAL_ACCENT_COLOR_NAME = AccentColor;
				CODE_SIGN_ENTITLEMENTS = tcp/tcpRelease.entitlements;
				CODE_SIGN_STYLE = Automatic;
				DEVELOPMENT_ASSET_PATHS = "\"tcp/Preview Content\"";
				DEVELOPMENT_TEAM = V8CS9B3XT5;
				ENABLE_PREVIEWS = YES;
				INFOPLIST_FILE = tcp/Info.plist;
				IPHONEOS_DEPLOYMENT_TARGET = 14.0;
				LD_RUNPATH_SEARCH_PATHS = (
					"$(inherited)",
					"@executable_path/Frameworks",
				);
				ONLY_ACTIVE_ARCH = YES;
				PRODUCT_BUNDLE_IDENTIFIER = com.czf.tcp;
				PRODUCT_NAME = "$(TARGET_NAME)";
				SUPPORTS_MACCATALYST = NO;
				SWIFT_VERSION = 5.0;
				TARGETED_DEVICE_FAMILY = "1,2";
			};
			name = Release;
		};
/* End XCBuildConfiguration section */

/* Begin XCConfigurationList section */
		351BBA1C2535CE3B003A09C9 /* Build configuration list for PBXProject "tcp" */ = {
			isa = XCConfigurationList;
			buildConfigurations = (
				351BBA2E2535CE3C003A09C9 /* Debug */,
				351BBA2F2535CE3C003A09C9 /* Release */,
			);
			defaultConfigurationIsVisible = 0;
			defaultConfigurationName = Release;
		};
		351BBA302535CE3C003A09C9 /* Build configuration list for PBXNativeTarget "tcp" */ = {
			isa = XCConfigurationList;
			buildConfigurations = (
				351BBA312535CE3C003A09C9 /* Debug */,
				351BBA322535CE3C003A09C9 /* Release */,
			);
			defaultConfigurationIsVisible = 0;
			defaultConfigurationName = Release;
		};
/* End XCConfigurationList section */

/* Begin XCRemoteSwiftPackageReference section */
		351BBA342535D054003A09C9 /* XCRemoteSwiftPackageReference "Starscream" */ = {
			isa = XCRemoteSwiftPackageReference;
			repositoryURL = "https://github.com/daltoniam/Starscream.git";
			requirement = {
				kind = upToNextMajorVersion;
				minimumVersion = 4.0.4;
			};
		};
		351BBA3D2535D27B003A09C9 /* XCRemoteSwiftPackageReference "HandyJSON" */ = {
			isa = XCRemoteSwiftPackageReference;
			repositoryURL = "https://github.com/alibaba/HandyJSON.git";
			requirement = {
				kind = upToNextMajorVersion;
				minimumVersion = 5.0.2;
			};
		};
		351BBA412535D3D7003A09C9 /* XCRemoteSwiftPackageReference "SwiftDate" */ = {
			isa = XCRemoteSwiftPackageReference;
			repositoryURL = "https://github.com/malcommac/SwiftDate.git";
			requirement = {
				kind = upToNextMajorVersion;
				minimumVersion = 6.2.0;
			};
		};
		351BBA452535D401003A09C9 /* XCRemoteSwiftPackageReference "Alamofire" */ = {
			isa = XCRemoteSwiftPackageReference;
			repositoryURL = "https://github.com/Alamofire/Alamofire.git";
			requirement = {
				kind = upToNextMajorVersion;
				minimumVersion = 5.2.2;
			};
		};
		359C964A2537132C002C1073 /* XCRemoteSwiftPackageReference "SwiftUI-Introspect" */ = {
			isa = XCRemoteSwiftPackageReference;
			repositoryURL = "https://github.com/siteline/SwiftUI-Introspect.git";
			requirement = {
				kind = upToNextMajorVersion;
				minimumVersion = 0.1.0;
			};
		};
/* End XCRemoteSwiftPackageReference section */

/* Begin XCSwiftPackageProductDependency section */
		351BBA352535D054003A09C9 /* Starscream */ = {
			isa = XCSwiftPackageProductDependency;
			package = 351BBA342535D054003A09C9 /* XCRemoteSwiftPackageReference "Starscream" */;
			productName = Starscream;
		};
		351BBA3E2535D27B003A09C9 /* HandyJSON */ = {
			isa = XCSwiftPackageProductDependency;
			package = 351BBA3D2535D27B003A09C9 /* XCRemoteSwiftPackageReference "HandyJSON" */;
			productName = HandyJSON;
		};
		351BBA422535D3D7003A09C9 /* SwiftDate */ = {
			isa = XCSwiftPackageProductDependency;
			package = 351BBA412535D3D7003A09C9 /* XCRemoteSwiftPackageReference "SwiftDate" */;
			productName = SwiftDate;
		};
		351BBA462535D401003A09C9 /* Alamofire */ = {
			isa = XCSwiftPackageProductDependency;
			package = 351BBA452535D401003A09C9 /* XCRemoteSwiftPackageReference "Alamofire" */;
			productName = Alamofire;
		};
		359C964B2537132C002C1073 /* Introspect */ = {
			isa = XCSwiftPackageProductDependency;
			package = 359C964A2537132C002C1073 /* XCRemoteSwiftPackageReference "SwiftUI-Introspect" */;
			productName = Introspect;
		};
/* End XCSwiftPackageProductDependency section */
	};
	rootObject = 351BBA192535CE3B003A09C9 /* Project object */;
}
